schema: '2.0'
stages:
  train:
    cmd: python src/train.py experiment=catdog_ex +trainer.log_every_n_steps=5 +trainer.fast_dev_run=true
    deps:
    - path: configs/experiment/catdog_ex.yaml
      hash: md5
      md5: effaf2d314b089b363a01adb9e8ec6f6
      size: 1071
    - path: src/train.py
      hash: md5
      md5: 4a4be304e048e2447c0e5c93a340a4ed
      size: 3712
    outs:
    - path: logs
      hash: md5
      md5: 86fc50b89331e9f2c18ad73c22c31fba.dir
      size: 8648
      nfiles: 5
